PODS:
  - Flutter (1.0.0)
  - local_auth_ios (0.0.1):
    - Flutter

DEPENDENCIES:
  - Flutter (from `Flutter`)
  - local_auth_ios (from `.symlinks/plugins/local_auth_ios/ios`)

EXTERNAL SOURCES:
  Flutter:
    :path: Flutter
  local_auth_ios:
    :path: ".symlinks/plugins/local_auth_ios/ios"

SPEC CHECKSUMS:
  Flutter: f04841e97a9d0b0a8025694d0796dd46242b2854
  local_auth_ios: 1ba1475238daa33a6ffa2a29242558437be435ac

PODFILE CHECKSUM: 70d9d25280d0dd177a5f637cdb0f0b0b12c6a189

COCOAPODS: 1.11.3
